PODS:
  - AFNetworking (2.5.4):
    - AFNetworking/NSURLConnection (= 2.5.4)
    - AFNetworking/NSURLSession (= 2.5.4)
    - AFNetworking/Reachability (= 2.5.4)
    - AFNetworking/Security (= 2.5.4)
    - AFNetworking/Serialization (= 2.5.4)
    - AFNetworking/UIKit (= 2.5.4)
  - AFNetworking/NSURLConnection (2.5.4):
    - AFNetworking/Reachability
    - AFNetworking/Security
    - AFNetworking/Serialization
  - AFNetworking/NSURLSession (2.5.4):
    - AFNetworking/Reachability
    - AFNetworking/Security
    - AFNetworking/Serialization
  - AFNetworking/Reachability (2.5.4)
  - AFNetworking/Security (2.5.4)
  - AFNetworking/Serialization (2.5.4)
  - AFNetworking/UIKit (2.5.4):
    - AFNetworking/NSURLConnection
    - AFNetworking/NSURLSession
  - CZDateFormatterCache (1.2)
  - FMDB (2.5):
    - FMDB/standard (= 2.5)
  - FMDB/common (2.5)
  - FMDB/standard (2.5):
    - FMDB/common
  - Reachability (3.2)
  - SVProgressHUD (1.1)

DEPENDENCIES:
  - AFNetworking
  - CZDateFormatterCache
  - FMDB
  - Reachability
  - SVProgressHUD

SPEC CHECKSUMS:
  AFNetworking: 05edc0ac4c4c8cf57bcf4b84be5b0744b6d8e71e
  CZDateFormatterCache: 3a75678534fd0b6153d1c6f839de59f0102e080a
  FMDB: 96e8f1bcc1329e269330f99770ad4285d9003e52
  Reachability: 33e18b67625424e47b6cde6d202dce689ad7af96
  SVProgressHUD: 54de4d9ab38aa3f688da401f5766a5738084e7fb

COCOAPODS: 0.39.0
