// !$*UTF8*$!
{
	archiveVersion = 1;
	classes = {
	};
	objectVersion = 46;
	objects = {

/* Begin PBXBuildFile section */
		1B0158DA1BA0275100C8A884 /* CgSelect_image_Model.m in Sources */ = {isa = PBXBuildFile; fileRef = 1B0158D91BA0275100C8A884 /* CgSelect_image_Model.m */; };
		1B028F1A1BA06458009C35BB /* SNS_Share.m in Sources */ = {isa = PBXBuildFile; fileRef = 1B028F191BA06458009C35BB /* SNS_Share.m */; };
		1B028F201BA288FF009C35BB /* LINEActivityIcon.png in Resources */ = {isa = PBXBuildFile; fileRef = 1B028F1B1BA288FF009C35BB /* LINEActivityIcon.png */; };
		1B028F211BA288FF009C35BB /* LINEActivityIcon@2x.png in Resources */ = {isa = PBXBuildFile; fileRef = 1B028F1C1BA288FF009C35BB /* LINEActivityIcon@2x.png */; };
		1B028F221BA288FF009C35BB /* LINEActivityIcon@2x~ipad.png in Resources */ = {isa = PBXBuildFile; fileRef = 1B028F1D1BA288FF009C35BB /* LINEActivityIcon@2x~ipad.png */; };
		1B028F231BA288FF009C35BB /* LINEActivityIcon@3x.png in Resources */ = {isa = PBXBuildFile; fileRef = 1B028F1E1BA288FF009C35BB /* LINEActivityIcon@3x.png */; };
		1B028F241BA288FF009C35BB /* LINEActivityIcon~ipad.png in Resources */ = {isa = PBXBuildFile; fileRef = 1B028F1F1BA288FF009C35BB /* LINEActivityIcon~ipad.png */; };
		1B028F271BA29017009C35BB /* First-ViewController.m in Sources */ = {isa = PBXBuildFile; fileRef = 1B028F261BA29017009C35BB /* First-ViewController.m */; };
		1B133FF21B959B0E0040FC16 /* Photos.framework in Frameworks */ = {isa = PBXBuildFile; fileRef = 1B133FF11B959B0E0040FC16 /* Photos.framework */; };
		1B447EDA1B8EBC0C00689CDF /* main.m in Sources */ = {isa = PBXBuildFile; fileRef = 1B447ED91B8EBC0C00689CDF /* main.m */; };
		1B447EDD1B8EBC0C00689CDF /* AppDelegate.m in Sources */ = {isa = PBXBuildFile; fileRef = 1B447EDC1B8EBC0C00689CDF /* AppDelegate.m */; };
		1B447EE01B8EBC0C00689CDF /* gps194.xcdatamodeld in Sources */ = {isa = PBXBuildFile; fileRef = 1B447EDE1B8EBC0C00689CDF /* gps194.xcdatamodeld */; };
		1B447EE31B8EBC0C00689CDF /* ViewController.m in Sources */ = {isa = PBXBuildFile; fileRef = 1B447EE21B8EBC0C00689CDF /* ViewController.m */; };
		1B447EE61B8EBC0C00689CDF /* Main.storyboard in Resources */ = {isa = PBXBuildFile; fileRef = 1B447EE41B8EBC0C00689CDF /* Main.storyboard */; };
		1B447EE81B8EBC0C00689CDF /* Images.xcassets in Resources */ = {isa = PBXBuildFile; fileRef = 1B447EE71B8EBC0C00689CDF /* Images.xcassets */; };
		1B447EEB1B8EBC0C00689CDF /* LaunchScreen.xib in Resources */ = {isa = PBXBuildFile; fileRef = 1B447EE91B8EBC0C00689CDF /* LaunchScreen.xib */; };
		1B447EF71B8EBC0C00689CDF /* gps194Tests.m in Sources */ = {isa = PBXBuildFile; fileRef = 1B447EF61B8EBC0C00689CDF /* gps194Tests.m */; };
		1B447F151B8F247800689CDF /* AsyncImageView.m in Sources */ = {isa = PBXBuildFile; fileRef = 1B447F081B8F247800689CDF /* AsyncImageView.m */; };
		1B447F161B8F247800689CDF /* MyAnnotation.m in Sources */ = {isa = PBXBuildFile; fileRef = 1B447F0B1B8F247800689CDF /* MyAnnotation.m */; };
		1B447F171B8F247800689CDF /* ReachabilityCheck.m in Sources */ = {isa = PBXBuildFile; fileRef = 1B447F0E1B8F247800689CDF /* ReachabilityCheck.m */; };
		1B447F181B8F247800689CDF /* UILabel+EstimatedHeight.m in Sources */ = {isa = PBXBuildFile; fileRef = 1B447F111B8F247800689CDF /* UILabel+EstimatedHeight.m */; };
		1B447F191B8F247800689CDF /* VerticallyAlignedLabel.m in Sources */ = {isa = PBXBuildFile; fileRef = 1B447F141B8F247800689CDF /* VerticallyAlignedLabel.m */; };
		1B50EA2D1BA586EF00CA6E6D /* Denger-ViewController.m in Sources */ = {isa = PBXBuildFile; fileRef = 1B50EA2C1BA586EF00CA6E6D /* Denger-ViewController.m */; };
		1B7C0C251B900E8100221520 /* CgSelect_Cell.m in Sources */ = {isa = PBXBuildFile; fileRef = 1B7C0C231B900E8100221520 /* CgSelect_Cell.m */; };
		1B7C0C261B900E8100221520 /* CgSelect_Cell.xib in Resources */ = {isa = PBXBuildFile; fileRef = 1B7C0C241B900E8100221520 /* CgSelect_Cell.xib */; };
		1B7C0C2A1B90565300221520 /* CgSelect_Model.m in Sources */ = {isa = PBXBuildFile; fileRef = 1B7C0C291B90565300221520 /* CgSelect_Model.m */; };
		1BE383A51B9FDA3F009BDDA4 /* camera.png in Resources */ = {isa = PBXBuildFile; fileRef = 1BE383A31B9FDA3F009BDDA4 /* camera.png */; };
		1BE383A61B9FDA3F009BDDA4 /* dastbox.png in Resources */ = {isa = PBXBuildFile; fileRef = 1BE383A41B9FDA3F009BDDA4 /* dastbox.png */; };
		1BE383A81B9FF4C4009BDDA4 /* pin.png in Resources */ = {isa = PBXBuildFile; fileRef = 1BE383A71B9FF4C4009BDDA4 /* pin.png */; };
		1BFCD6291B9481BE007FF00A /* select-no.png in Resources */ = {isa = PBXBuildFile; fileRef = 1BFCD6271B9481BE007FF00A /* select-no.png */; };
		1BFCD62A1B9481BE007FF00A /* select-yes.png in Resources */ = {isa = PBXBuildFile; fileRef = 1BFCD6281B9481BE007FF00A /* select-yes.png */; };
		1BFCD62C1B948492007FF00A /* cg-waku.png in Resources */ = {isa = PBXBuildFile; fileRef = 1BFCD62B1B948492007FF00A /* cg-waku.png */; };
		1BFCD62E1B94940E007FF00A /* line.png in Resources */ = {isa = PBXBuildFile; fileRef = 1BFCD62D1B94940E007FF00A /* line.png */; };
		1BFCD6621B955903007FF00A /* Android.mk in Resources */ = {isa = PBXBuildFile; fileRef = 1BFCD6301B955903007FF00A /* Android.mk */; };
		1BFCD6631B955903007FF00A /* AndroidClock.ttf in Resources */ = {isa = PBXBuildFile; fileRef = 1BFCD6311B955903007FF00A /* AndroidClock.ttf */; };
		1BFCD6641B955903007FF00A /* AndroidClock_Highlight.ttf in Resources */ = {isa = PBXBuildFile; fileRef = 1BFCD6321B955903007FF00A /* AndroidClock_Highlight.ttf */; };
		1BFCD6651B955903007FF00A /* AndroidClock_Solid.ttf in Resources */ = {isa = PBXBuildFile; fileRef = 1BFCD6331B955903007FF00A /* AndroidClock_Solid.ttf */; };
		1BFCD6661B955903007FF00A /* AndroidEmoji.ttf in Resources */ = {isa = PBXBuildFile; fileRef = 1BFCD6341B955903007FF00A /* AndroidEmoji.ttf */; };
		1BFCD6671B955903007FF00A /* Clockopia.ttf in Resources */ = {isa = PBXBuildFile; fileRef = 1BFCD6351B955903007FF00A /* Clockopia.ttf */; };
		1BFCD6681B955903007FF00A /* DroidKufi-Bold.ttf in Resources */ = {isa = PBXBuildFile; fileRef = 1BFCD6361B955903007FF00A /* DroidKufi-Bold.ttf */; };
		1BFCD6691B955903007FF00A /* DroidKufi-Regular.ttf in Resources */ = {isa = PBXBuildFile; fileRef = 1BFCD6371B955903007FF00A /* DroidKufi-Regular.ttf */; };
		1BFCD66A1B955903007FF00A /* DroidNaskh-Bold.ttf in Resources */ = {isa = PBXBuildFile; fileRef = 1BFCD6381B955903007FF00A /* DroidNaskh-Bold.ttf */; };
		1BFCD66B1B955903007FF00A /* DroidNaskh-Regular.ttf in Resources */ = {isa = PBXBuildFile; fileRef = 1BFCD6391B955903007FF00A /* DroidNaskh-Regular.ttf */; };
		1BFCD66C1B955903007FF00A /* DroidNaskhUI-Regular.ttf in Resources */ = {isa = PBXBuildFile; fileRef = 1BFCD63A1B955903007FF00A /* DroidNaskhUI-Regular.ttf */; };
		1BFCD66D1B955903007FF00A /* DroidSans-Bold.ttf in Resources */ = {isa = PBXBuildFile; fileRef = 1BFCD63B1B955903007FF00A /* DroidSans-Bold.ttf */; };
		1BFCD66E1B955903007FF00A /* DroidSans.ttf in Resources */ = {isa = PBXBuildFile; fileRef = 1BFCD63C1B955903007FF00A /* DroidSans.ttf */; };
		1BFCD66F1B955903007FF00A /* DroidSansArabic.ttf in Resources */ = {isa = PBXBuildFile; fileRef = 1BFCD63D1B955903007FF00A /* DroidSansArabic.ttf */; };
		1BFCD6701B955903007FF00A /* DroidSansArmenian.ttf in Resources */ = {isa = PBXBuildFile; fileRef = 1BFCD63E1B955903007FF00A /* DroidSansArmenian.ttf */; };
		1BFCD6711B955903007FF00A /* DroidSansEthiopic-Bold.ttf in Resources */ = {isa = PBXBuildFile; fileRef = 1BFCD63F1B955903007FF00A /* DroidSansEthiopic-Bold.ttf */; };
		1BFCD6721B955903007FF00A /* DroidSansEthiopic-Regular.ttf in Resources */ = {isa = PBXBuildFile; fileRef = 1BFCD6401B955903007FF00A /* DroidSansEthiopic-Regular.ttf */; };
		1BFCD6731B955903007FF00A /* DroidSansFallback.ttf in Resources */ = {isa = PBXBuildFile; fileRef = 1BFCD6411B955903007FF00A /* DroidSansFallback.ttf */; };
		1BFCD6741B955903007FF00A /* DroidSansFallbackFull.ttf in Resources */ = {isa = PBXBuildFile; fileRef = 1BFCD6421B955903007FF00A /* DroidSansFallbackFull.ttf */; };
		1BFCD6751B955903007FF00A /* DroidSansFallbackLegacy.ttf in Resources */ = {isa = PBXBuildFile; fileRef = 1BFCD6431B955903007FF00A /* DroidSansFallbackLegacy.ttf */; };
		1BFCD6761B955903007FF00A /* DroidSansGeorgian.ttf in Resources */ = {isa = PBXBuildFile; fileRef = 1BFCD6441B955903007FF00A /* DroidSansGeorgian.ttf */; };
		1BFCD6771B955903007FF00A /* DroidSansHebrew-Bold.ttf in Resources */ = {isa = PBXBuildFile; fileRef = 1BFCD6451B955903007FF00A /* DroidSansHebrew-Bold.ttf */; };
		1BFCD6781B955903007FF00A /* DroidSansHebrew-Regular.ttf in Resources */ = {isa = PBXBuildFile; fileRef = 1BFCD6461B955903007FF00A /* DroidSansHebrew-Regular.ttf */; };
		1BFCD6791B955903007FF00A /* DroidSansJapanese.ttf in Resources */ = {isa = PBXBuildFile; fileRef = 1BFCD6471B955903007FF00A /* DroidSansJapanese.ttf */; };
		1BFCD67A1B955903007FF00A /* DroidSansMono.ttf in Resources */ = {isa = PBXBuildFile; fileRef = 1BFCD6481B955903007FF00A /* DroidSansMono.ttf */; };
		1BFCD67B1B955903007FF00A /* DroidSerif-Bold.ttf in Resources */ = {isa = PBXBuildFile; fileRef = 1BFCD6491B955903007FF00A /* DroidSerif-Bold.ttf */; };
		1BFCD67C1B955903007FF00A /* DroidSerif-BoldItalic.ttf in Resources */ = {isa = PBXBuildFile; fileRef = 1BFCD64A1B955903007FF00A /* DroidSerif-BoldItalic.ttf */; };
		1BFCD67D1B955903007FF00A /* DroidSerif-Italic.ttf in Resources */ = {isa = PBXBuildFile; fileRef = 1BFCD64B1B955903007FF00A /* DroidSerif-Italic.ttf */; };
		1BFCD67E1B955903007FF00A /* DroidSerif-Regular.ttf in Resources */ = {isa = PBXBuildFile; fileRef = 1BFCD64C1B955903007FF00A /* DroidSerif-Regular.ttf */; };
		1BFCD67F1B955903007FF00A /* fallback_fonts.xml in Resources */ = {isa = PBXBuildFile; fileRef = 1BFCD64D1B955903007FF00A /* fallback_fonts.xml */; };
		1BFCD6801B955903007FF00A /* fonts.mk in Resources */ = {isa = PBXBuildFile; fileRef = 1BFCD64E1B955903007FF00A /* fonts.mk */; };
		1BFCD6811B955903007FF00A /* MODULE_LICENSE_APACHE2 in Resources */ = {isa = PBXBuildFile; fileRef = 1BFCD64F1B955903007FF00A /* MODULE_LICENSE_APACHE2 */; };
		1BFCD6821B955903007FF00A /* MTLc3m.ttf in Resources */ = {isa = PBXBuildFile; fileRef = 1BFCD6501B955903007FF00A /* MTLc3m.ttf */; };
		1BFCD6831B955903007FF00A /* MTLmr3m.ttf in Resources */ = {isa = PBXBuildFile; fileRef = 1BFCD6511B955903007FF00A /* MTLmr3m.ttf */; };
		1BFCD6841B955903007FF00A /* NOTICE in Resources */ = {isa = PBXBuildFile; fileRef = 1BFCD6521B955903007FF00A /* NOTICE */; };
		1BFCD6851B955903007FF00A /* README.txt in Resources */ = {isa = PBXBuildFile; fileRef = 1BFCD6531B955903007FF00A /* README.txt */; };
		1BFCD6861B955903007FF00A /* Roboto-Bold.ttf in Resources */ = {isa = PBXBuildFile; fileRef = 1BFCD6541B955903007FF00A /* Roboto-Bold.ttf */; };
		1BFCD6871B955903007FF00A /* Roboto-BoldItalic.ttf in Resources */ = {isa = PBXBuildFile; fileRef = 1BFCD6551B955903007FF00A /* Roboto-BoldItalic.ttf */; };
		1BFCD6881B955903007FF00A /* Roboto-Italic.ttf in Resources */ = {isa = PBXBuildFile; fileRef = 1BFCD6561B955903007FF00A /* Roboto-Italic.ttf */; };
		1BFCD6891B955903007FF00A /* Roboto-Light.ttf in Resources */ = {isa = PBXBuildFile; fileRef = 1BFCD6571B955903007FF00A /* Roboto-Light.ttf */; };
		1BFCD68A1B955903007FF00A /* Roboto-LightItalic.ttf in Resources */ = {isa = PBXBuildFile; fileRef = 1BFCD6581B955903007FF00A /* Roboto-LightItalic.ttf */; };
		1BFCD68B1B955903007FF00A /* Roboto-Regular.ttf in Resources */ = {isa = PBXBuildFile; fileRef = 1BFCD6591B955903007FF00A /* Roboto-Regular.ttf */; };
		1BFCD68C1B955903007FF00A /* Roboto-Thin.ttf in Resources */ = {isa = PBXBuildFile; fileRef = 1BFCD65A1B955903007FF00A /* Roboto-Thin.ttf */; };
		1BFCD68D1B955903007FF00A /* Roboto-ThinItalic.ttf in Resources */ = {isa = PBXBuildFile; fileRef = 1BFCD65B1B955903007FF00A /* Roboto-ThinItalic.ttf */; };
		1BFCD68E1B955903007FF00A /* RobotoCondensed-Bold.ttf in Resources */ = {isa = PBXBuildFile; fileRef = 1BFCD65C1B955903007FF00A /* RobotoCondensed-Bold.ttf */; };
		1BFCD68F1B955903007FF00A /* RobotoCondensed-BoldItalic.ttf in Resources */ = {isa = PBXBuildFile; fileRef = 1BFCD65D1B955903007FF00A /* RobotoCondensed-BoldItalic.ttf */; };
		1BFCD6901B955903007FF00A /* RobotoCondensed-Italic.ttf in Resources */ = {isa = PBXBuildFile; fileRef = 1BFCD65E1B955903007FF00A /* RobotoCondensed-Italic.ttf */; };
		1BFCD6911B955903007FF00A /* RobotoCondensed-Regular.ttf in Resources */ = {isa = PBXBuildFile; fileRef = 1BFCD65F1B955903007FF00A /* RobotoCondensed-Regular.ttf */; };
		1BFCD6921B955903007FF00A /* system_fonts.xml in Resources */ = {isa = PBXBuildFile; fileRef = 1BFCD6601B955903007FF00A /* system_fonts.xml */; };
		1BFCD6931B955903007FF00A /* vendor_fonts.xml in Resources */ = {isa = PBXBuildFile; fileRef = 1BFCD6611B955903007FF00A /* vendor_fonts.xml */; };
		1BFCD6951B956AA6007FF00A /* plus.png in Resources */ = {isa = PBXBuildFile; fileRef = 1BFCD6941B956AA6007FF00A /* plus.png */; };
		1BFCD6991B956FA8007FF00A /* SqlManager.m in Sources */ = {isa = PBXBuildFile; fileRef = 1BFCD6981B956FA8007FF00A /* SqlManager.m */; };
		1BFCD69B1B95701D007FF00A /* libsqlite3.0.dylib in Frameworks */ = {isa = PBXBuildFile; fileRef = 1BFCD69A1B95701D007FF00A /* libsqlite3.0.dylib */; };
		1BFDABB41B96DB740076CE5E /* AssetsLibrary.framework in Frameworks */ = {isa = PBXBuildFile; fileRef = 1B133FEF1B959AD30040FC16 /* AssetsLibrary.framework */; };
		1BFF3AF41B98A3B500EA70DD /* DeleteSelect_Model.m in Sources */ = {isa = PBXBuildFile; fileRef = 1BFF3AF31B98A3B500EA70DD /* DeleteSelect_Model.m */; };
		A461437CA87C0E619323D141 /* libPods.a in Frameworks */ = {isa = PBXBuildFile; fileRef = B46A8015C1BC3ECE998BFFA6 /* libPods.a */; };
/* End PBXBuildFile section */

/* Begin PBXContainerItemProxy section */
		1B447EF11B8EBC0C00689CDF /* PBXContainerItemProxy */ = {
			isa = PBXContainerItemProxy;
			containerPortal = 1B447ECC1B8EBC0C00689CDF /* Project object */;
			proxyType = 1;
			remoteGlobalIDString = 1B447ED31B8EBC0C00689CDF;
			remoteInfo = gps194;
		};
/* End PBXContainerItemProxy section */

/* Begin PBXFileReference section */
		1B0158D81BA0275100C8A884 /* CgSelect_image_Model.h */ = {isa = PBXFileReference; fileEncoding = 4; lastKnownFileType = sourcecode.c.h; path = CgSelect_image_Model.h; sourceTree = "<group>"; };
		1B0158D91BA0275100C8A884 /* CgSelect_image_Model.m */ = {isa = PBXFileReference; fileEncoding = 4; lastKnownFileType = sourcecode.c.objc; path = CgSelect_image_Model.m; sourceTree = "<group>"; };
		1B028F181BA06458009C35BB /* SNS_Share.h */ = {isa = PBXFileReference; fileEncoding = 4; lastKnownFileType = sourcecode.c.h; path = SNS_Share.h; sourceTree = "<group>"; };
		1B028F191BA06458009C35BB /* SNS_Share.m */ = {isa = PBXFileReference; fileEncoding = 4; lastKnownFileType = sourcecode.c.objc; path = SNS_Share.m; sourceTree = "<group>"; };
		1B028F1B1BA288FF009C35BB /* LINEActivityIcon.png */ = {isa = PBXFileReference; lastKnownFileType = image.png; path = LINEActivityIcon.png; sourceTree = "<group>"; };
		1B028F1C1BA288FF009C35BB /* LINEActivityIcon@2x.png */ = {isa = PBXFileReference; lastKnownFileType = image.png; path = "LINEActivityIcon@2x.png"; sourceTree = "<group>"; };
		1B028F1D1BA288FF009C35BB /* LINEActivityIcon@2x~ipad.png */ = {isa = PBXFileReference; lastKnownFileType = image.png; path = "LINEActivityIcon@2x~ipad.png"; sourceTree = "<group>"; };
		1B028F1E1BA288FF009C35BB /* LINEActivityIcon@3x.png */ = {isa = PBXFileReference; lastKnownFileType = image.png; path = "LINEActivityIcon@3x.png"; sourceTree = "<group>"; };
		1B028F1F1BA288FF009C35BB /* LINEActivityIcon~ipad.png */ = {isa = PBXFileReference; lastKnownFileType = image.png; path = "LINEActivityIcon~ipad.png"; sourceTree = "<group>"; };
		1B028F251BA29017009C35BB /* First-ViewController.h */ = {isa = PBXFileReference; fileEncoding = 4; lastKnownFileType = sourcecode.c.h; path = "First-ViewController.h"; sourceTree = "<group>"; };
		1B028F261BA29017009C35BB /* First-ViewController.m */ = {isa = PBXFileReference; fileEncoding = 4; lastKnownFileType = sourcecode.c.objc; path = "First-ViewController.m"; sourceTree = "<group>"; };
		1B133FEF1B959AD30040FC16 /* AssetsLibrary.framework */ = {isa = PBXFileReference; lastKnownFileType = wrapper.framework; name = AssetsLibrary.framework; path = System/Library/Frameworks/AssetsLibrary.framework; sourceTree = SDKROOT; };
		1B133FF11B959B0E0040FC16 /* Photos.framework */ = {isa = PBXFileReference; lastKnownFileType = wrapper.framework; name = Photos.framework; path = System/Library/Frameworks/Photos.framework; sourceTree = SDKROOT; };
		1B447ED41B8EBC0C00689CDF /* gps194.app */ = {isa = PBXFileReference; explicitFileType = wrapper.application; includeInIndex = 0; path = gps194.app; sourceTree = BUILT_PRODUCTS_DIR; };
		1B447ED81B8EBC0C00689CDF /* Info.plist */ = {isa = PBXFileReference; lastKnownFileType = text.plist.xml; path = Info.plist; sourceTree = "<group>"; };
		1B447ED91B8EBC0C00689CDF /* main.m */ = {isa = PBXFileReference; lastKnownFileType = sourcecode.c.objc; path = main.m; sourceTree = "<group>"; };
		1B447EDB1B8EBC0C00689CDF /* AppDelegate.h */ = {isa = PBXFileReference; lastKnownFileType = sourcecode.c.h; path = AppDelegate.h; sourceTree = "<group>"; };
		1B447EDC1B8EBC0C00689CDF /* AppDelegate.m */ = {isa = PBXFileReference; lastKnownFileType = sourcecode.c.objc; path = AppDelegate.m; sourceTree = "<group>"; };
		1B447EDF1B8EBC0C00689CDF /* gps194.xcdatamodel */ = {isa = PBXFileReference; lastKnownFileType = wrapper.xcdatamodel; path = gps194.xcdatamodel; sourceTree = "<group>"; };
		1B447EE11B8EBC0C00689CDF /* ViewController.h */ = {isa = PBXFileReference; lastKnownFileType = sourcecode.c.h; path = ViewController.h; sourceTree = "<group>"; };
		1B447EE21B8EBC0C00689CDF /* ViewController.m */ = {isa = PBXFileReference; lastKnownFileType = sourcecode.c.objc; path = ViewController.m; sourceTree = "<group>"; };
		1B447EE51B8EBC0C00689CDF /* Base */ = {isa = PBXFileReference; lastKnownFileType = file.storyboard; name = Base; path = Base.lproj/Main.storyboard; sourceTree = "<group>"; };
		1B447EE71B8EBC0C00689CDF /* Images.xcassets */ = {isa = PBXFileReference; lastKnownFileType = folder.assetcatalog; path = Images.xcassets; sourceTree = "<group>"; };
		1B447EEA1B8EBC0C00689CDF /* Base */ = {isa = PBXFileReference; lastKnownFileType = file.xib; name = Base; path = Base.lproj/LaunchScreen.xib; sourceTree = "<group>"; };
		1B447EF01B8EBC0C00689CDF /* gps194Tests.xctest */ = {isa = PBXFileReference; explicitFileType = wrapper.cfbundle; includeInIndex = 0; path = gps194Tests.xctest; sourceTree = BUILT_PRODUCTS_DIR; };
		1B447EF51B8EBC0C00689CDF /* Info.plist */ = {isa = PBXFileReference; lastKnownFileType = text.plist.xml; path = Info.plist; sourceTree = "<group>"; };
		1B447EF61B8EBC0C00689CDF /* gps194Tests.m */ = {isa = PBXFileReference; lastKnownFileType = sourcecode.c.objc; path = gps194Tests.m; sourceTree = "<group>"; };
		1B447F071B8F247800689CDF /* AsyncImageView.h */ = {isa = PBXFileReference; fileEncoding = 4; lastKnownFileType = sourcecode.c.h; path = AsyncImageView.h; sourceTree = "<group>"; };
		1B447F081B8F247800689CDF /* AsyncImageView.m */ = {isa = PBXFileReference; fileEncoding = 4; lastKnownFileType = sourcecode.c.objc; path = AsyncImageView.m; sourceTree = "<group>"; };
		1B447F0A1B8F247800689CDF /* MyAnnotation.h */ = {isa = PBXFileReference; fileEncoding = 4; lastKnownFileType = sourcecode.c.h; path = MyAnnotation.h; sourceTree = "<group>"; };
		1B447F0B1B8F247800689CDF /* MyAnnotation.m */ = {isa = PBXFileReference; fileEncoding = 4; lastKnownFileType = sourcecode.c.objc; path = MyAnnotation.m; sourceTree = "<group>"; };
		1B447F0D1B8F247800689CDF /* ReachabilityCheck.h */ = {isa = PBXFileReference; fileEncoding = 4; lastKnownFileType = sourcecode.c.h; path = ReachabilityCheck.h; sourceTree = "<group>"; };
		1B447F0E1B8F247800689CDF /* ReachabilityCheck.m */ = {isa = PBXFileReference; fileEncoding = 4; lastKnownFileType = sourcecode.c.objc; path = ReachabilityCheck.m; sourceTree = "<group>"; };
		1B447F101B8F247800689CDF /* UILabel+EstimatedHeight.h */ = {isa = PBXFileReference; fileEncoding = 4; lastKnownFileType = sourcecode.c.h; path = "UILabel+EstimatedHeight.h"; sourceTree = "<group>"; };
		1B447F111B8F247800689CDF /* UILabel+EstimatedHeight.m */ = {isa = PBXFileReference; fileEncoding = 4; lastKnownFileType = sourcecode.c.objc; path = "UILabel+EstimatedHeight.m"; sourceTree = "<group>"; };
		1B447F131B8F247800689CDF /* VerticallyAlignedLabel.h */ = {isa = PBXFileReference; fileEncoding = 4; lastKnownFileType = sourcecode.c.h; path = VerticallyAlignedLabel.h; sourceTree = "<group>"; };
		1B447F141B8F247800689CDF /* VerticallyAlignedLabel.m */ = {isa = PBXFileReference; fileEncoding = 4; lastKnownFileType = sourcecode.c.objc; path = VerticallyAlignedLabel.m; sourceTree = "<group>"; };
		1B50EA2B1BA586EF00CA6E6D /* Denger-ViewController.h */ = {isa = PBXFileReference; fileEncoding = 4; lastKnownFileType = sourcecode.c.h; path = "Denger-ViewController.h"; sourceTree = "<group>"; };
		1B50EA2C1BA586EF00CA6E6D /* Denger-ViewController.m */ = {isa = PBXFileReference; fileEncoding = 4; lastKnownFileType = sourcecode.c.objc; path = "Denger-ViewController.m"; sourceTree = "<group>"; };
		1B7C0C221B900E8100221520 /* CgSelect_Cell.h */ = {isa = PBXFileReference; fileEncoding = 4; lastKnownFileType = sourcecode.c.h; path = CgSelect_Cell.h; sourceTree = "<group>"; };
		1B7C0C231B900E8100221520 /* CgSelect_Cell.m */ = {isa = PBXFileReference; fileEncoding = 4; lastKnownFileType = sourcecode.c.objc; path = CgSelect_Cell.m; sourceTree = "<group>"; };
		1B7C0C241B900E8100221520 /* CgSelect_Cell.xib */ = {isa = PBXFileReference; fileEncoding = 4; lastKnownFileType = file.xib; path = CgSelect_Cell.xib; sourceTree = "<group>"; };
		1B7C0C281B90565300221520 /* CgSelect_Model.h */ = {isa = PBXFileReference; fileEncoding = 4; lastKnownFileType = sourcecode.c.h; path = CgSelect_Model.h; sourceTree = "<group>"; };
		1B7C0C291B90565300221520 /* CgSelect_Model.m */ = {isa = PBXFileReference; fileEncoding = 4; lastKnownFileType = sourcecode.c.objc; path = CgSelect_Model.m; sourceTree = "<group>"; };
		1BE383A31B9FDA3F009BDDA4 /* camera.png */ = {isa = PBXFileReference; lastKnownFileType = image.png; path = camera.png; sourceTree = "<group>"; };
		1BE383A41B9FDA3F009BDDA4 /* dastbox.png */ = {isa = PBXFileReference; lastKnownFileType = image.png; path = dastbox.png; sourceTree = "<group>"; };
		1BE383A71B9FF4C4009BDDA4 /* pin.png */ = {isa = PBXFileReference; lastKnownFileType = image.png; path = pin.png; sourceTree = "<group>"; };
		1BFCD6271B9481BE007FF00A /* select-no.png */ = {isa = PBXFileReference; lastKnownFileType = image.png; path = "select-no.png"; sourceTree = "<group>"; };
		1BFCD6281B9481BE007FF00A /* select-yes.png */ = {isa = PBXFileReference; lastKnownFileType = image.png; path = "select-yes.png"; sourceTree = "<group>"; };
		1BFCD62B1B948492007FF00A /* cg-waku.png */ = {isa = PBXFileReference; lastKnownFileType = image.png; path = "cg-waku.png"; sourceTree = "<group>"; };
		1BFCD62D1B94940E007FF00A /* line.png */ = {isa = PBXFileReference; lastKnownFileType = image.png; path = line.png; sourceTree = "<group>"; };
		1BFCD6301B955903007FF00A /* Android.mk */ = {isa = PBXFileReference; fileEncoding = 4; lastKnownFileType = text; path = Android.mk; sourceTree = "<group>"; };
		1BFCD6311B955903007FF00A /* AndroidClock.ttf */ = {isa = PBXFileReference; lastKnownFileType = file; path = AndroidClock.ttf; sourceTree = "<group>"; };
		1BFCD6321B955903007FF00A /* AndroidClock_Highlight.ttf */ = {isa = PBXFileReference; lastKnownFileType = file; path = AndroidClock_Highlight.ttf; sourceTree = "<group>"; };
		1BFCD6331B955903007FF00A /* AndroidClock_Solid.ttf */ = {isa = PBXFileReference; lastKnownFileType = file; path = AndroidClock_Solid.ttf; sourceTree = "<group>"; };
		1BFCD6341B955903007FF00A /* AndroidEmoji.ttf */ = {isa = PBXFileReference; lastKnownFileType = file; path = AndroidEmoji.ttf; sourceTree = "<group>"; };
		1BFCD6351B955903007FF00A /* Clockopia.ttf */ = {isa = PBXFileReference; lastKnownFileType = file; path = Clockopia.ttf; sourceTree = "<group>"; };
		1BFCD6361B955903007FF00A /* DroidKufi-Bold.ttf */ = {isa = PBXFileReference; lastKnownFileType = file; path = "DroidKufi-Bold.ttf"; sourceTree = "<group>"; };
		1BFCD6371B955903007FF00A /* DroidKufi-Regular.ttf */ = {isa = PBXFileReference; lastKnownFileType = file; path = "DroidKufi-Regular.ttf"; sourceTree = "<group>"; };
		1BFCD6381B955903007FF00A /* DroidNaskh-Bold.ttf */ = {isa = PBXFileReference; lastKnownFileType = file; path = "DroidNaskh-Bold.ttf"; sourceTree = "<group>"; };
		1BFCD6391B955903007FF00A /* DroidNaskh-Regular.ttf */ = {isa = PBXFileReference; lastKnownFileType = file; path = "DroidNaskh-Regular.ttf"; sourceTree = "<group>"; };
		1BFCD63A1B955903007FF00A /* DroidNaskhUI-Regular.ttf */ = {isa = PBXFileReference; lastKnownFileType = file; path = "DroidNaskhUI-Regular.ttf"; sourceTree = "<group>"; };
		1BFCD63B1B955903007FF00A /* DroidSans-Bold.ttf */ = {isa = PBXFileReference; lastKnownFileType = file; path = "DroidSans-Bold.ttf"; sourceTree = "<group>"; };
		1BFCD63C1B955903007FF00A /* DroidSans.ttf */ = {isa = PBXFileReference; lastKnownFileType = file; path = DroidSans.ttf; sourceTree = "<group>"; };
		1BFCD63D1B955903007FF00A /* DroidSansArabic.ttf */ = {isa = PBXFileReference; lastKnownFileType = file; path = DroidSansArabic.ttf; sourceTree = "<group>"; };
		1BFCD63E1B955903007FF00A /* DroidSansArmenian.ttf */ = {isa = PBXFileReference; lastKnownFileType = file; path = DroidSansArmenian.ttf; sourceTree = "<group>"; };
		1BFCD63F1B955903007FF00A /* DroidSansEthiopic-Bold.ttf */ = {isa = PBXFileReference; lastKnownFileType = file; path = "DroidSansEthiopic-Bold.ttf"; sourceTree = "<group>"; };
		1BFCD6401B955903007FF00A /* DroidSansEthiopic-Regular.ttf */ = {isa = PBXFileReference; lastKnownFileType = file; path = "DroidSansEthiopic-Regular.ttf"; sourceTree = "<group>"; };
		1BFCD6411B955903007FF00A /* DroidSansFallback.ttf */ = {isa = PBXFileReference; lastKnownFileType = file; path = DroidSansFallback.ttf; sourceTree = "<group>"; };
		1BFCD6421B955903007FF00A /* DroidSansFallbackFull.ttf */ = {isa = PBXFileReference; lastKnownFileType = file; path = DroidSansFallbackFull.ttf; sourceTree = "<group>"; };
		1BFCD6431B955903007FF00A /* DroidSansFallbackLegacy.ttf */ = {isa = PBXFileReference; lastKnownFileType = file; path = DroidSansFallbackLegacy.ttf; sourceTree = "<group>"; };
		1BFCD6441B955903007FF00A /* DroidSansGeorgian.ttf */ = {isa = PBXFileReference; lastKnownFileType = file; path = DroidSansGeorgian.ttf; sourceTree = "<group>"; };
		1BFCD6451B955903007FF00A /* DroidSansHebrew-Bold.ttf */ = {isa = PBXFileReference; lastKnownFileType = file; path = "DroidSansHebrew-Bold.ttf"; sourceTree = "<group>"; };
		1BFCD6461B955903007FF00A /* DroidSansHebrew-Regular.ttf */ = {isa = PBXFileReference; lastKnownFileType = file; path = "DroidSansHebrew-Regular.ttf"; sourceTree = "<group>"; };
		1BFCD6471B955903007FF00A /* DroidSansJapanese.ttf */ = {isa = PBXFileReference; lastKnownFileType = file; path = DroidSansJapanese.ttf; sourceTree = "<group>"; };
		1BFCD6481B955903007FF00A /* DroidSansMono.ttf */ = {isa = PBXFileReference; lastKnownFileType = file; path = DroidSansMono.ttf; sourceTree = "<group>"; };
		1BFCD6491B955903007FF00A /* DroidSerif-Bold.ttf */ = {isa = PBXFileReference; lastKnownFileType = file; path = "DroidSerif-Bold.ttf"; sourceTree = "<group>"; };
		1BFCD64A1B955903007FF00A /* DroidSerif-BoldItalic.ttf */ = {isa = PBXFileReference; lastKnownFileType = file; path = "DroidSerif-BoldItalic.ttf"; sourceTree = "<group>"; };
		1BFCD64B1B955903007FF00A /* DroidSerif-Italic.ttf */ = {isa = PBXFileReference; lastKnownFileType = file; path = "DroidSerif-Italic.ttf"; sourceTree = "<group>"; };
		1BFCD64C1B955903007FF00A /* DroidSerif-Regular.ttf */ = {isa = PBXFileReference; lastKnownFileType = file; path = "DroidSerif-Regular.ttf"; sourceTree = "<group>"; };
		1BFCD64D1B955903007FF00A /* fallback_fonts.xml */ = {isa = PBXFileReference; fileEncoding = 4; lastKnownFileType = text.xml; path = fallback_fonts.xml; sourceTree = "<group>"; };
		1BFCD64E1B955903007FF00A /* fonts.mk */ = {isa = PBXFileReference; fileEncoding = 4; lastKnownFileType = text; path = fonts.mk; sourceTree = "<group>"; };
		1BFCD64F1B955903007FF00A /* MODULE_LICENSE_APACHE2 */ = {isa = PBXFileReference; fileEncoding = 4; lastKnownFileType = text; path = MODULE_LICENSE_APACHE2; sourceTree = "<group>"; };
		1BFCD6501B955903007FF00A /* MTLc3m.ttf */ = {isa = PBXFileReference; lastKnownFileType = file; path = MTLc3m.ttf; sourceTree = "<group>"; };
		1BFCD6511B955903007FF00A /* MTLmr3m.ttf */ = {isa = PBXFileReference; lastKnownFileType = file; path = MTLmr3m.ttf; sourceTree = "<group>"; };
		1BFCD6521B955903007FF00A /* NOTICE */ = {isa = PBXFileReference; fileEncoding = 4; lastKnownFileType = text; path = NOTICE; sourceTree = "<group>"; };
		1BFCD6531B955903007FF00A /* README.txt */ = {isa = PBXFileReference; fileEncoding = 4; lastKnownFileType = text; path = README.txt; sourceTree = "<group>"; };
		1BFCD6541B955903007FF00A /* Roboto-Bold.ttf */ = {isa = PBXFileReference; lastKnownFileType = file; path = "Roboto-Bold.ttf"; sourceTree = "<group>"; };
		1BFCD6551B955903007FF00A /* Roboto-BoldItalic.ttf */ = {isa = PBXFileReference; lastKnownFileType = file; path = "Roboto-BoldItalic.ttf"; sourceTree = "<group>"; };
		1BFCD6561B955903007FF00A /* Roboto-Italic.ttf */ = {isa = PBXFileReference; lastKnownFileType = file; path = "Roboto-Italic.ttf"; sourceTree = "<group>"; };
		1BFCD6571B955903007FF00A /* Roboto-Light.ttf */ = {isa = PBXFileReference; lastKnownFileType = file; path = "Roboto-Light.ttf"; sourceTree = "<group>"; };
		1BFCD6581B955903007FF00A /* Roboto-LightItalic.ttf */ = {isa = PBXFileReference; lastKnownFileType = file; path = "Roboto-LightItalic.ttf"; sourceTree = "<group>"; };
		1BFCD6591B955903007FF00A /* Roboto-Regular.ttf */ = {isa = PBXFileReference; lastKnownFileType = file; path = "Roboto-Regular.ttf"; sourceTree = "<group>"; };
		1BFCD65A1B955903007FF00A /* Roboto-Thin.ttf */ = {isa = PBXFileReference; lastKnownFileType = file; path = "Roboto-Thin.ttf"; sourceTree = "<group>"; };
		1BFCD65B1B955903007FF00A /* Roboto-ThinItalic.ttf */ = {isa = PBXFileReference; lastKnownFileType = file; path = "Roboto-ThinItalic.ttf"; sourceTree = "<group>"; };
		1BFCD65C1B955903007FF00A /* RobotoCondensed-Bold.ttf */ = {isa = PBXFileReference; lastKnownFileType = file; path = "RobotoCondensed-Bold.ttf"; sourceTree = "<group>"; };
		1BFCD65D1B955903007FF00A /* RobotoCondensed-BoldItalic.ttf */ = {isa = PBXFileReference; lastKnownFileType = file; path = "RobotoCondensed-BoldItalic.ttf"; sourceTree = "<group>"; };
		1BFCD65E1B955903007FF00A /* RobotoCondensed-Italic.ttf */ = {isa = PBXFileReference; lastKnownFileType = file; path = "RobotoCondensed-Italic.ttf"; sourceTree = "<group>"; };
		1BFCD65F1B955903007FF00A /* RobotoCondensed-Regular.ttf */ = {isa = PBXFileReference; lastKnownFileType = file; path = "RobotoCondensed-Regular.ttf"; sourceTree = "<group>"; };
		1BFCD6601B955903007FF00A /* system_fonts.xml */ = {isa = PBXFileReference; fileEncoding = 4; lastKnownFileType = text.xml; path = system_fonts.xml; sourceTree = "<group>"; };
		1BFCD6611B955903007FF00A /* vendor_fonts.xml */ = {isa = PBXFileReference; fileEncoding = 4; lastKnownFileType = text.xml; path = vendor_fonts.xml; sourceTree = "<group>"; };
		1BFCD6941B956AA6007FF00A /* plus.png */ = {isa = PBXFileReference; lastKnownFileType = image.png; path = plus.png; sourceTree = "<group>"; };
		1BFCD6971B956FA8007FF00A /* SqlManager.h */ = {isa = PBXFileReference; fileEncoding = 4; lastKnownFileType = sourcecode.c.h; path = SqlManager.h; sourceTree = "<group>"; };
		1BFCD6981B956FA8007FF00A /* SqlManager.m */ = {isa = PBXFileReference; fileEncoding = 4; lastKnownFileType = sourcecode.c.objc; path = SqlManager.m; sourceTree = "<group>"; };
		1BFCD69A1B95701D007FF00A /* libsqlite3.0.dylib */ = {isa = PBXFileReference; lastKnownFileType = "compiled.mach-o.dylib"; name = libsqlite3.0.dylib; path = usr/lib/libsqlite3.0.dylib; sourceTree = SDKROOT; };
		1BFDABB51B96F3E90076CE5E /* ja */ = {isa = PBXFileReference; lastKnownFileType = text.plist.strings; name = ja; path = ja.lproj/LaunchScreen.strings; sourceTree = "<group>"; };
		1BFDABB61B96F3E90076CE5E /* ja */ = {isa = PBXFileReference; lastKnownFileType = text.plist.strings; name = ja; path = ja.lproj/Main.strings; sourceTree = "<group>"; };
		1BFF3AF21B98A3B500EA70DD /* DeleteSelect_Model.h */ = {isa = PBXFileReference; fileEncoding = 4; lastKnownFileType = sourcecode.c.h; path = DeleteSelect_Model.h; sourceTree = "<group>"; };
		1BFF3AF31B98A3B500EA70DD /* DeleteSelect_Model.m */ = {isa = PBXFileReference; fileEncoding = 4; lastKnownFileType = sourcecode.c.objc; path = DeleteSelect_Model.m; sourceTree = "<group>"; };
		1FB0D493783D6EE8AA3E28FF /* Pods.release.xcconfig */ = {isa = PBXFileReference; includeInIndex = 1; lastKnownFileType = text.xcconfig; name = Pods.release.xcconfig; path = "Pods/Target Support Files/Pods/Pods.release.xcconfig"; sourceTree = "<group>"; };
		9A95EDFBC61D5909EAD3FB32 /* Pods.debug.xcconfig */ = {isa = PBXFileReference; includeInIndex = 1; lastKnownFileType = text.xcconfig; name = Pods.debug.xcconfig; path = "Pods/Target Support Files/Pods/Pods.debug.xcconfig"; sourceTree = "<group>"; };
		B46A8015C1BC3ECE998BFFA6 /* libPods.a */ = {isa = PBXFileReference; explicitFileType = archive.ar; includeInIndex = 0; path = libPods.a; sourceTree = BUILT_PRODUCTS_DIR; };
/* End PBXFileReference section */

/* Begin PBXFrameworksBuildPhase section */
		1B447ED11B8EBC0C00689CDF /* Frameworks */ = {
			isa = PBXFrameworksBuildPhase;
			buildActionMask = 2147483647;
			files = (
				1BFDABB41B96DB740076CE5E /* AssetsLibrary.framework in Frameworks */,
				1B133FF21B959B0E0040FC16 /* Photos.framework in Frameworks */,
				1BFCD69B1B95701D007FF00A /* libsqlite3.0.dylib in Frameworks */,
				A461437CA87C0E619323D141 /* libPods.a in Frameworks */,
			);
			runOnlyForDeploymentPostprocessing = 0;
		};
		1B447EED1B8EBC0C00689CDF /* Frameworks */ = {
			isa = PBXFrameworksBuildPhase;
			buildActionMask = 2147483647;
			files = (
			);
			runOnlyForDeploymentPostprocessing = 0;
		};
/* End PBXFrameworksBuildPhase section */

/* Begin PBXGroup section */
		1B028F171BA06435009C35BB /* SNS_Share */ = {
			isa = PBXGroup;
			children = (
				1B028F181BA06458009C35BB /* SNS_Share.h */,
				1B028F191BA06458009C35BB /* SNS_Share.m */,
			);
			path = SNS_Share;
			sourceTree = "<group>";
		};
		1B02D61B1B9478AC00221871 /* Resource */ = {
			isa = PBXGroup;
			children = (
				1BFCD62F1B955903007FF00A /* fonts */,
				1BFCD6221B947C38007FF00A /* Image */,
			);
			path = Resource;
			sourceTree = "<group>";
		};
		1B447ECB1B8EBC0C00689CDF = {
			isa = PBXGroup;
			children = (
				1B447ED61B8EBC0C00689CDF /* gps194 */,
				1B447EF31B8EBC0C00689CDF /* gps194Tests */,
				1B447ED51B8EBC0C00689CDF /* Products */,
				6236ED63B1A424C0822206BC /* Pods */,
				6DE83A993A936F6BD306B242 /* Frameworks */,
			);
			sourceTree = "<group>";
		};
		1B447ED51B8EBC0C00689CDF /* Products */ = {
			isa = PBXGroup;
			children = (
				1B447ED41B8EBC0C00689CDF /* gps194.app */,
				1B447EF01B8EBC0C00689CDF /* gps194Tests.xctest */,
			);
			name = Products;
			sourceTree = "<group>";
		};
		1B447ED61B8EBC0C00689CDF /* gps194 */ = {
			isa = PBXGroup;
			children = (
				1B02D61B1B9478AC00221871 /* Resource */,
				1B7C0C271B9031AC00221520 /* Model */,
				1B447EE91B8EBC0C00689CDF /* LaunchScreen.xib */,
				1B447EE41B8EBC0C00689CDF /* Main.storyboard */,
				1B447EDB1B8EBC0C00689CDF /* AppDelegate.h */,
				1B447EDC1B8EBC0C00689CDF /* AppDelegate.m */,
				1B447EE11B8EBC0C00689CDF /* ViewController.h */,
				1B447EE21B8EBC0C00689CDF /* ViewController.m */,
				1B028F251BA29017009C35BB /* First-ViewController.h */,
				1B028F261BA29017009C35BB /* First-ViewController.m */,
				1B50EA2B1BA586EF00CA6E6D /* Denger-ViewController.h */,
				1B50EA2C1BA586EF00CA6E6D /* Denger-ViewController.m */,
				1B7C0C241B900E8100221520 /* CgSelect_Cell.xib */,
				1B7C0C221B900E8100221520 /* CgSelect_Cell.h */,
				1B7C0C231B900E8100221520 /* CgSelect_Cell.m */,
				1B447EE71B8EBC0C00689CDF /* Images.xcassets */,
				1B447EDE1B8EBC0C00689CDF /* gps194.xcdatamodeld */,
				1B447F051B8F247800689CDF /* Lib */,
				1B447ED71B8EBC0C00689CDF /* Supporting Files */,
			);
			path = gps194;
			sourceTree = "<group>";
		};
		1B447ED71B8EBC0C00689CDF /* Supporting Files */ = {
			isa = PBXGroup;
			children = (
				1B447ED81B8EBC0C00689CDF /* Info.plist */,
				1B447ED91B8EBC0C00689CDF /* main.m */,
			);
			name = "Supporting Files";
			sourceTree = "<group>";
		};
		1B447EF31B8EBC0C00689CDF /* gps194Tests */ = {
			isa = PBXGroup;
			children = (
				1B447EF61B8EBC0C00689CDF /* gps194Tests.m */,
				1B447EF41B8EBC0C00689CDF /* Supporting Files */,
			);
			path = gps194Tests;
			sourceTree = "<group>";
		};
		1B447EF41B8EBC0C00689CDF /* Supporting Files */ = {
			isa = PBXGroup;
			children = (
				1B447EF51B8EBC0C00689CDF /* Info.plist */,
			);
			name = "Supporting Files";
			sourceTree = "<group>";
		};
		1B447F051B8F247800689CDF /* Lib */ = {
			isa = PBXGroup;
			children = (
				1B028F171BA06435009C35BB /* SNS_Share */,
				1BFCD6961B956F84007FF00A /* SqlManager */,
				1B447F061B8F247800689CDF /* AsyncImageView */,
				1B447F091B8F247800689CDF /* MyAnnotation */,
				1B447F0C1B8F247800689CDF /* ReachabilityCheck */,
				1B447F0F1B8F247800689CDF /* UILabel+EstimatedHeight */,
				1B447F121B8F247800689CDF /* VerticallyAlignedLabel */,
			);
			path = Lib;
			sourceTree = "<group>";
		};
		1B447F061B8F247800689CDF /* AsyncImageView */ = {
			isa = PBXGroup;
			children = (
				1B447F071B8F247800689CDF /* AsyncImageView.h */,
				1B447F081B8F247800689CDF /* AsyncImageView.m */,
			);
			path = AsyncImageView;
			sourceTree = "<group>";
		};
		1B447F091B8F247800689CDF /* MyAnnotation */ = {
			isa = PBXGroup;
			children = (
				1B447F0A1B8F247800689CDF /* MyAnnotation.h */,
				1B447F0B1B8F247800689CDF /* MyAnnotation.m */,
			);
			path = MyAnnotation;
			sourceTree = "<group>";
		};
		1B447F0C1B8F247800689CDF /* ReachabilityCheck */ = {
			isa = PBXGroup;
			children = (
				1B447F0D1B8F247800689CDF /* ReachabilityCheck.h */,
				1B447F0E1B8F247800689CDF /* ReachabilityCheck.m */,
			);
			path = ReachabilityCheck;
			sourceTree = "<group>";
		};
		1B447F0F1B8F247800689CDF /* UILabel+EstimatedHeight */ = {
			isa = PBXGroup;
			children = (
				1B447F101B8F247800689CDF /* UILabel+EstimatedHeight.h */,
				1B447F111B8F247800689CDF /* UILabel+EstimatedHeight.m */,
			);
			path = "UILabel+EstimatedHeight";
			sourceTree = "<group>";
		};
		1B447F121B8F247800689CDF /* VerticallyAlignedLabel */ = {
			isa = PBXGroup;
			children = (
				1B447F131B8F247800689CDF /* VerticallyAlignedLabel.h */,
				1B447F141B8F247800689CDF /* VerticallyAlignedLabel.m */,
			);
			path = VerticallyAlignedLabel;
			sourceTree = "<group>";
		};
		1B7C0C271B9031AC00221520 /* Model */ = {
			isa = PBXGroup;
			children = (
				1B7C0C281B90565300221520 /* CgSelect_Model.h */,
				1B7C0C291B90565300221520 /* CgSelect_Model.m */,
				1BFF3AF21B98A3B500EA70DD /* DeleteSelect_Model.h */,
				1BFF3AF31B98A3B500EA70DD /* DeleteSelect_Model.m */,
				1B0158D81BA0275100C8A884 /* CgSelect_image_Model.h */,
				1B0158D91BA0275100C8A884 /* CgSelect_image_Model.m */,
			);
			path = Model;
			sourceTree = "<group>";
		};
		1BFCD6221B947C38007FF00A /* Image */ = {
			isa = PBXGroup;
			children = (
				1B028F1B1BA288FF009C35BB /* LINEActivityIcon.png */,
				1B028F1C1BA288FF009C35BB /* LINEActivityIcon@2x.png */,
				1B028F1D1BA288FF009C35BB /* LINEActivityIcon@2x~ipad.png */,
				1B028F1E1BA288FF009C35BB /* LINEActivityIcon@3x.png */,
				1B028F1F1BA288FF009C35BB /* LINEActivityIcon~ipad.png */,
				1BE383A71B9FF4C4009BDDA4 /* pin.png */,
				1BE383A31B9FDA3F009BDDA4 /* camera.png */,
				1BE383A41B9FDA3F009BDDA4 /* dastbox.png */,
				1BFCD6941B956AA6007FF00A /* plus.png */,
				1BFCD62D1B94940E007FF00A /* line.png */,
				1BFCD62B1B948492007FF00A /* cg-waku.png */,
				1BFCD6271B9481BE007FF00A /* select-no.png */,
				1BFCD6281B9481BE007FF00A /* select-yes.png */,
			);
			path = Image;
			sourceTree = "<group>";
		};
		1BFCD62F1B955903007FF00A /* fonts */ = {
			isa = PBXGroup;
			children = (
				1BFCD6301B955903007FF00A /* Android.mk */,
				1BFCD6311B955903007FF00A /* AndroidClock.ttf */,
				1BFCD6321B955903007FF00A /* AndroidClock_Highlight.ttf */,
				1BFCD6331B955903007FF00A /* AndroidClock_Solid.ttf */,
				1BFCD6341B955903007FF00A /* AndroidEmoji.ttf */,
				1BFCD6351B955903007FF00A /* Clockopia.ttf */,
				1BFCD6361B955903007FF00A /* DroidKufi-Bold.ttf */,
				1BFCD6371B955903007FF00A /* DroidKufi-Regular.ttf */,
				1BFCD6381B955903007FF00A /* DroidNaskh-Bold.ttf */,
				1BFCD6391B955903007FF00A /* DroidNaskh-Regular.ttf */,
				1BFCD63A1B955903007FF00A /* DroidNaskhUI-Regular.ttf */,
				1BFCD63B1B955903007FF00A /* DroidSans-Bold.ttf */,
				1BFCD63C1B955903007FF00A /* DroidSans.ttf */,
				1BFCD63D1B955903007FF00A /* DroidSansArabic.ttf */,
				1BFCD63E1B955903007FF00A /* DroidSansArmenian.ttf */,
				1BFCD63F1B955903007FF00A /* DroidSansEthiopic-Bold.ttf */,
				1BFCD6401B955903007FF00A /* DroidSansEthiopic-Regular.ttf */,
				1BFCD6411B955903007FF00A /* DroidSansFallback.ttf */,
				1BFCD6421B955903007FF00A /* DroidSansFallbackFull.ttf */,
				1BFCD6431B955903007FF00A /* DroidSansFallbackLegacy.ttf */,
				1BFCD6441B955903007FF00A /* DroidSansGeorgian.ttf */,
				1BFCD6451B955903007FF00A /* DroidSansHebrew-Bold.ttf */,
				1BFCD6461B955903007FF00A /* DroidSansHebrew-Regular.ttf */,
				1BFCD6471B955903007FF00A /* DroidSansJapanese.ttf */,
				1BFCD6481B955903007FF00A /* DroidSansMono.ttf */,
				1BFCD6491B955903007FF00A /* DroidSerif-Bold.ttf */,
				1BFCD64A1B955903007FF00A /* DroidSerif-BoldItalic.ttf */,
				1BFCD64B1B955903007FF00A /* DroidSerif-Italic.ttf */,
				1BFCD64C1B955903007FF00A /* DroidSerif-Regular.ttf */,
				1BFCD64D1B955903007FF00A /* fallback_fonts.xml */,
				1BFCD64E1B955903007FF00A /* fonts.mk */,
				1BFCD64F1B955903007FF00A /* MODULE_LICENSE_APACHE2 */,
				1BFCD6501B955903007FF00A /* MTLc3m.ttf */,
				1BFCD6511B955903007FF00A /* MTLmr3m.ttf */,
				1BFCD6521B955903007FF00A /* NOTICE */,
				1BFCD6531B955903007FF00A /* README.txt */,
				1BFCD6541B955903007FF00A /* Roboto-Bold.ttf */,
				1BFCD6551B955903007FF00A /* Roboto-BoldItalic.ttf */,
				1BFCD6561B955903007FF00A /* Roboto-Italic.ttf */,
				1BFCD6571B955903007FF00A /* Roboto-Light.ttf */,
				1BFCD6581B955903007FF00A /* Roboto-LightItalic.ttf */,
				1BFCD6591B955903007FF00A /* Roboto-Regular.ttf */,
				1BFCD65A1B955903007FF00A /* Roboto-Thin.ttf */,
				1BFCD65B1B955903007FF00A /* Roboto-ThinItalic.ttf */,
				1BFCD65C1B955903007FF00A /* RobotoCondensed-Bold.ttf */,
				1BFCD65D1B955903007FF00A /* RobotoCondensed-BoldItalic.ttf */,
				1BFCD65E1B955903007FF00A /* RobotoCondensed-Italic.ttf */,
				1BFCD65F1B955903007FF00A /* RobotoCondensed-Regular.ttf */,
				1BFCD6601B955903007FF00A /* system_fonts.xml */,
				1BFCD6611B955903007FF00A /* vendor_fonts.xml */,
			);
			path = fonts;
			sourceTree = "<group>";
		};
		1BFCD6961B956F84007FF00A /* SqlManager */ = {
			isa = PBXGroup;
			children = (
				1BFCD6971B956FA8007FF00A /* SqlManager.h */,
				1BFCD6981B956FA8007FF00A /* SqlManager.m */,
			);
			path = SqlManager;
			sourceTree = "<group>";
		};
		6236ED63B1A424C0822206BC /* Pods */ = {
			isa = PBXGroup;
			children = (
				9A95EDFBC61D5909EAD3FB32 /* Pods.debug.xcconfig */,
				1FB0D493783D6EE8AA3E28FF /* Pods.release.xcconfig */,
			);
			name = Pods;
			sourceTree = "<group>";
		};
		6DE83A993A936F6BD306B242 /* Frameworks */ = {
			isa = PBXGroup;
			children = (
				1B133FF11B959B0E0040FC16 /* Photos.framework */,
				1B133FEF1B959AD30040FC16 /* AssetsLibrary.framework */,
				1BFCD69A1B95701D007FF00A /* libsqlite3.0.dylib */,
				B46A8015C1BC3ECE998BFFA6 /* libPods.a */,
			);
			name = Frameworks;
			sourceTree = "<group>";
		};
/* End PBXGroup section */

/* Begin PBXNativeTarget section */
		1B447ED31B8EBC0C00689CDF /* gps194 */ = {
			isa = PBXNativeTarget;
			buildConfigurationList = 1B447EFA1B8EBC0C00689CDF /* Build configuration list for PBXNativeTarget "gps194" */;
			buildPhases = (
				93CBC1A7BA610E390BC88B95 /* Check Pods Manifest.lock */,
				1B447ED01B8EBC0C00689CDF /* Sources */,
				1B447ED11B8EBC0C00689CDF /* Frameworks */,
				1B447ED21B8EBC0C00689CDF /* Resources */,
				7034A6279BED2265D68A9DF6 /* Copy Pods Resources */,
			);
			buildRules = (
			);
			dependencies = (
			);
			name = gps194;
			productName = gps194;
			productReference = 1B447ED41B8EBC0C00689CDF /* gps194.app */;
			productType = "com.apple.product-type.application";
		};
		1B447EEF1B8EBC0C00689CDF /* gps194Tests */ = {
			isa = PBXNativeTarget;
			buildConfigurationList = 1B447EFD1B8EBC0C00689CDF /* Build configuration list for PBXNativeTarget "gps194Tests" */;
			buildPhases = (
				1B447EEC1B8EBC0C00689CDF /* Sources */,
				1B447EED1B8EBC0C00689CDF /* Frameworks */,
				1B447EEE1B8EBC0C00689CDF /* Resources */,
			);
			buildRules = (
			);
			dependencies = (
				1B447EF21B8EBC0C00689CDF /* PBXTargetDependency */,
			);
			name = gps194Tests;
			productName = gps194Tests;
			productReference = 1B447EF01B8EBC0C00689CDF /* gps194Tests.xctest */;
			productType = "com.apple.product-type.bundle.unit-test";
		};
/* End PBXNativeTarget section */

/* Begin PBXProject section */
		1B447ECC1B8EBC0C00689CDF /* Project object */ = {
			isa = PBXProject;
			attributes = {
				LastUpgradeCheck = 0640;
				ORGANIZATIONNAME = "Mobile Innovation, LLC.";
				TargetAttributes = {
					1B447ED31B8EBC0C00689CDF = {
						CreatedOnToolsVersion = 6.4;
						DevelopmentTeam = 28UP93TVV6;
					};
					1B447EEF1B8EBC0C00689CDF = {
						CreatedOnToolsVersion = 6.4;
						TestTargetID = 1B447ED31B8EBC0C00689CDF;
					};
				};
			};
			buildConfigurationList = 1B447ECF1B8EBC0C00689CDF /* Build configuration list for PBXProject "gps194" */;
			compatibilityVersion = "Xcode 3.2";
			developmentRegion = English;
			hasScannedForEncodings = 0;
			knownRegions = (
				en,
				Base,
			);
			mainGroup = 1B447ECB1B8EBC0C00689CDF;
			productRefGroup = 1B447ED51B8EBC0C00689CDF /* Products */;
			projectDirPath = "";
			projectRoot = "";
			targets = (
				1B447ED31B8EBC0C00689CDF /* gps194 */,
				1B447EEF1B8EBC0C00689CDF /* gps194Tests */,
			);
		};
/* End PBXProject section */

/* Begin PBXResourcesBuildPhase section */
		1B447ED21B8EBC0C00689CDF /* Resources */ = {
			isa = PBXResourcesBuildPhase;
			buildActionMask = 2147483647;
			files = (
				1BFCD67F1B955903007FF00A /* fallback_fonts.xml in Resources */,
				1BFCD6741B955903007FF00A /* DroidSansFallbackFull.ttf in Resources */,
				1BFCD68F1B955903007FF00A /* RobotoCondensed-BoldItalic.ttf in Resources */,
				1BFCD68C1B955903007FF00A /* Roboto-Thin.ttf in Resources */,
				1BFCD6901B955903007FF00A /* RobotoCondensed-Italic.ttf in Resources */,
				1BFCD68B1B955903007FF00A /* Roboto-Regular.ttf in Resources */,
				1BFCD6851B955903007FF00A /* README.txt in Resources */,
				1BE383A61B9FDA3F009BDDA4 /* dastbox.png in Resources */,
				1BFCD6711B955903007FF00A /* DroidSansEthiopic-Bold.ttf in Resources */,
				1BFCD67B1B955903007FF00A /* DroidSerif-Bold.ttf in Resources */,
				1B028F201BA288FF009C35BB /* LINEActivityIcon.png in Resources */,
				1BFCD62C1B948492007FF00A /* cg-waku.png in Resources */,
				1BFCD6691B955903007FF00A /* DroidKufi-Regular.ttf in Resources */,
				1B028F231BA288FF009C35BB /* LINEActivityIcon@3x.png in Resources */,
				1BFCD66F1B955903007FF00A /* DroidSansArabic.ttf in Resources */,
				1BFCD66B1B955903007FF00A /* DroidNaskh-Regular.ttf in Resources */,
				1B7C0C261B900E8100221520 /* CgSelect_Cell.xib in Resources */,
				1BFCD68D1B955903007FF00A /* Roboto-ThinItalic.ttf in Resources */,
				1B028F221BA288FF009C35BB /* LINEActivityIcon@2x~ipad.png in Resources */,
				1BFCD6621B955903007FF00A /* Android.mk in Resources */,
				1BFCD62A1B9481BE007FF00A /* select-yes.png in Resources */,
				1BFCD67A1B955903007FF00A /* DroidSansMono.ttf in Resources */,
				1BFCD62E1B94940E007FF00A /* line.png in Resources */,
				1BFCD6291B9481BE007FF00A /* select-no.png in Resources */,
				1BFCD6931B955903007FF00A /* vendor_fonts.xml in Resources */,
				1BFCD66A1B955903007FF00A /* DroidNaskh-Bold.ttf in Resources */,
				1BFCD6871B955903007FF00A /* Roboto-BoldItalic.ttf in Resources */,
				1BFCD6671B955903007FF00A /* Clockopia.ttf in Resources */,
				1BFCD6661B955903007FF00A /* AndroidEmoji.ttf in Resources */,
				1B447EE61B8EBC0C00689CDF /* Main.storyboard in Resources */,
				1B447EEB1B8EBC0C00689CDF /* LaunchScreen.xib in Resources */,
				1BFCD6701B955903007FF00A /* DroidSansArmenian.ttf in Resources */,
				1BFCD66C1B955903007FF00A /* DroidNaskhUI-Regular.ttf in Resources */,
				1B447EE81B8EBC0C00689CDF /* Images.xcassets in Resources */,
				1BE383A81B9FF4C4009BDDA4 /* pin.png in Resources */,
				1BFCD6951B956AA6007FF00A /* plus.png in Resources */,
				1BFCD6751B955903007FF00A /* DroidSansFallbackLegacy.ttf in Resources */,
				1BFCD6911B955903007FF00A /* RobotoCondensed-Regular.ttf in Resources */,
				1BFCD66D1B955903007FF00A /* DroidSans-Bold.ttf in Resources */,
				1BE383A51B9FDA3F009BDDA4 /* camera.png in Resources */,
				1BFCD67C1B955903007FF00A /* DroidSerif-BoldItalic.ttf in Resources */,
				1BFCD6811B955903007FF00A /* MODULE_LICENSE_APACHE2 in Resources */,
				1BFCD6681B955903007FF00A /* DroidKufi-Bold.ttf in Resources */,
				1BFCD6821B955903007FF00A /* MTLc3m.ttf in Resources */,
				1BFCD68A1B955903007FF00A /* Roboto-LightItalic.ttf in Resources */,
				1BFCD6771B955903007FF00A /* DroidSansHebrew-Bold.ttf in Resources */,
				1BFCD6731B955903007FF00A /* DroidSansFallback.ttf in Resources */,
				1BFCD66E1B955903007FF00A /* DroidSans.ttf in Resources */,
				1BFCD6861B955903007FF00A /* Roboto-Bold.ttf in Resources */,
				1BFCD6831B955903007FF00A /* MTLmr3m.ttf in Resources */,
				1BFCD6651B955903007FF00A /* AndroidClock_Solid.ttf in Resources */,
				1BFCD6721B955903007FF00A /* DroidSansEthiopic-Regular.ttf in Resources */,
				1B028F211BA288FF009C35BB /* LINEActivityIcon@2x.png in Resources */,
				1BFCD6641B955903007FF00A /* AndroidClock_Highlight.ttf in Resources */,
				1BFCD6891B955903007FF00A /* Roboto-Light.ttf in Resources */,
				1BFCD6761B955903007FF00A /* DroidSansGeorgian.ttf in Resources */,
				1BFCD6801B955903007FF00A /* fonts.mk in Resources */,
				1B028F241BA288FF009C35BB /* LINEActivityIcon~ipad.png in Resources */,
				1BFCD6841B955903007FF00A /* NOTICE in Resources */,
				1BFCD6781B955903007FF00A /* DroidSansHebrew-Regular.ttf in Resources */,
				1BFCD67E1B955903007FF00A /* DroidSerif-Regular.ttf in Resources */,
				1BFCD6921B955903007FF00A /* system_fonts.xml in Resources */,
				1BFCD6631B955903007FF00A /* AndroidClock.ttf in Resources */,
				1BFCD6791B955903007FF00A /* DroidSansJapanese.ttf in Resources */,
				1BFCD68E1B955903007FF00A /* RobotoCondensed-Bold.ttf in Resources */,
				1BFCD67D1B955903007FF00A /* DroidSerif-Italic.ttf in Resources */,
				1BFCD6881B955903007FF00A /* Roboto-Italic.ttf in Resources */,
			);
			runOnlyForDeploymentPostprocessing = 0;
		};
		1B447EEE1B8EBC0C00689CDF /* Resources */ = {
			isa = PBXResourcesBuildPhase;
			buildActionMask = 2147483647;
			files = (
			);
			runOnlyForDeploymentPostprocessing = 0;
		};
/* End PBXResourcesBuildPhase section */

/* Begin PBXShellScriptBuildPhase section */
		7034A6279BED2265D68A9DF6 /* Copy Pods Resources */ = {
			isa = PBXShellScriptBuildPhase;
			buildActionMask = 2147483647;
			files = (
			);
			inputPaths = (
			);
			name = "Copy Pods Resources";
			outputPaths = (
			);
			runOnlyForDeploymentPostprocessing = 0;
			shellPath = /bin/sh;
			shellScript = "\"${SRCROOT}/Pods/Target Support Files/Pods/Pods-resources.sh\"\n";
			showEnvVarsInLog = 0;
		};
		93CBC1A7BA610E390BC88B95 /* Check Pods Manifest.lock */ = {
			isa = PBXShellScriptBuildPhase;
			buildActionMask = 2147483647;
			files = (
			);
			inputPaths = (
			);
			name = "Check Pods Manifest.lock";
			outputPaths = (
			);
			runOnlyForDeploymentPostprocessing = 0;
			shellPath = /bin/sh;
			shellScript = "diff \"${PODS_ROOT}/../Podfile.lock\" \"${PODS_ROOT}/Manifest.lock\" > /dev/null\nif [[ $? != 0 ]] ; then\n    cat << EOM\nerror: The sandbox is not in sync with the Podfile.lock. Run 'pod install' or update your CocoaPods installation.\nEOM\n    exit 1\nfi\n";
			showEnvVarsInLog = 0;
		};
/* End PBXShellScriptBuildPhase section */

/* Begin PBXSourcesBuildPhase section */
		1B447ED01B8EBC0C00689CDF /* Sources */ = {
			isa = PBXSourcesBuildPhase;
			buildActionMask = 2147483647;
			files = (
				1B447EDD1B8EBC0C00689CDF /* AppDelegate.m in Sources */,
				1B447F151B8F247800689CDF /* AsyncImageView.m in Sources */,
				1B028F1A1BA06458009C35BB /* SNS_Share.m in Sources */,
				1B447F191B8F247800689CDF /* VerticallyAlignedLabel.m in Sources */,
				1B7C0C2A1B90565300221520 /* CgSelect_Model.m in Sources */,
				1B028F271BA29017009C35BB /* First-ViewController.m in Sources */,
				1BFF3AF41B98A3B500EA70DD /* DeleteSelect_Model.m in Sources */,
				1B447EDA1B8EBC0C00689CDF /* main.m in Sources */,
				1B447EE31B8EBC0C00689CDF /* ViewController.m in Sources */,
				1B50EA2D1BA586EF00CA6E6D /* Denger-ViewController.m in Sources */,
				1BFCD6991B956FA8007FF00A /* SqlManager.m in Sources */,
				1B447F161B8F247800689CDF /* MyAnnotation.m in Sources */,
				1B447F171B8F247800689CDF /* ReachabilityCheck.m in Sources */,
				1B7C0C251B900E8100221520 /* CgSelect_Cell.m in Sources */,
				1B447EE01B8EBC0C00689CDF /* gps194.xcdatamodeld in Sources */,
				1B447F181B8F247800689CDF /* UILabel+EstimatedHeight.m in Sources */,
				1B0158DA1BA0275100C8A884 /* CgSelect_image_Model.m in Sources */,
			);
			runOnlyForDeploymentPostprocessing = 0;
		};
		1B447EEC1B8EBC0C00689CDF /* Sources */ = {
			isa = PBXSourcesBuildPhase;
			buildActionMask = 2147483647;
			files = (
				1B447EF71B8EBC0C00689CDF /* gps194Tests.m in Sources */,
			);
			runOnlyForDeploymentPostprocessing = 0;
		};
/* End PBXSourcesBuildPhase section */

/* Begin PBXTargetDependency section */
		1B447EF21B8EBC0C00689CDF /* PBXTargetDependency */ = {
			isa = PBXTargetDependency;
			target = 1B447ED31B8EBC0C00689CDF /* gps194 */;
			targetProxy = 1B447EF11B8EBC0C00689CDF /* PBXContainerItemProxy */;
		};
/* End PBXTargetDependency section */

/* Begin PBXVariantGroup section */
		1B447EE41B8EBC0C00689CDF /* Main.storyboard */ = {
			isa = PBXVariantGroup;
			children = (
				1B447EE51B8EBC0C00689CDF /* Base */,
				1BFDABB61B96F3E90076CE5E /* ja */,
			);
			name = Main.storyboard;
			sourceTree = "<group>";
		};
		1B447EE91B8EBC0C00689CDF /* LaunchScreen.xib */ = {
			isa = PBXVariantGroup;
			children = (
				1B447EEA1B8EBC0C00689CDF /* Base */,
				1BFDABB51B96F3E90076CE5E /* ja */,
			);
			name = LaunchScreen.xib;
			sourceTree = "<group>";
		};
/* End PBXVariantGroup section */

/* Begin XCBuildConfiguration section */
		1B447EF81B8EBC0C00689CDF /* Debug */ = {
			isa = XCBuildConfiguration;
			buildSettings = {
				ALWAYS_SEARCH_USER_PATHS = NO;
				CLANG_CXX_LANGUAGE_STANDARD = "gnu++0x";
				CLANG_CXX_LIBRARY = "libc++";
				CLANG_ENABLE_MODULES = YES;
				CLANG_ENABLE_OBJC_ARC = YES;
				CLANG_WARN_BOOL_CONVERSION = YES;
				CLANG_WARN_CONSTANT_CONVERSION = YES;
				CLANG_WARN_DIRECT_OBJC_ISA_USAGE = YES_ERROR;
				CLANG_WARN_EMPTY_BODY = YES;
				CLANG_WARN_ENUM_CONVERSION = YES;
				CLANG_WARN_INT_CONVERSION = YES;
				CLANG_WARN_OBJC_ROOT_CLASS = YES_ERROR;
				CLANG_WARN_UNREACHABLE_CODE = YES;
				CLANG_WARN__DUPLICATE_METHOD_MATCH = YES;
				"CODE_SIGN_IDENTITY[sdk=iphoneos*]" = "iPhone Developer";
				COPY_PHASE_STRIP = NO;
				DEBUG_INFORMATION_FORMAT = "dwarf-with-dsym";
				ENABLE_STRICT_OBJC_MSGSEND = YES;
				GCC_C_LANGUAGE_STANDARD = gnu99;
				GCC_DYNAMIC_NO_PIC = NO;
				GCC_NO_COMMON_BLOCKS = YES;
				GCC_OPTIMIZATION_LEVEL = 0;
				GCC_PREPROCESSOR_DEFINITIONS = (
					"DEBUG=1",
					"$(inherited)",
				);
				GCC_SYMBOLS_PRIVATE_EXTERN = NO;
				GCC_WARN_64_TO_32_BIT_CONVERSION = YES;
				GCC_WARN_ABOUT_RETURN_TYPE = YES_ERROR;
				GCC_WARN_UNDECLARED_SELECTOR = YES;
				GCC_WARN_UNINITIALIZED_AUTOS = YES_AGGRESSIVE;
				GCC_WARN_UNUSED_FUNCTION = YES;
				GCC_WARN_UNUSED_VARIABLE = YES;
				IPHONEOS_DEPLOYMENT_TARGET = 8.4;
				MTL_ENABLE_DEBUG_INFO = YES;
				ONLY_ACTIVE_ARCH = YES;
				SDKROOT = iphoneos;
			};
			name = Debug;
		};
		1B447EF91B8EBC0C00689CDF /* Release */ = {
			isa = XCBuildConfiguration;
			buildSettings = {
				ALWAYS_SEARCH_USER_PATHS = NO;
				CLANG_CXX_LANGUAGE_STANDARD = "gnu++0x";
				CLANG_CXX_LIBRARY = "libc++";
				CLANG_ENABLE_MODULES = YES;
				CLANG_ENABLE_OBJC_ARC = YES;
				CLANG_WARN_BOOL_CONVERSION = YES;
				CLANG_WARN_CONSTANT_CONVERSION = YES;
				CLANG_WARN_DIRECT_OBJC_ISA_USAGE = YES_ERROR;
				CLANG_WARN_EMPTY_BODY = YES;
				CLANG_WARN_ENUM_CONVERSION = YES;
				CLANG_WARN_INT_CONVERSION = YES;
				CLANG_WARN_OBJC_ROOT_CLASS = YES_ERROR;
				CLANG_WARN_UNREACHABLE_CODE = YES;
				CLANG_WARN__DUPLICATE_METHOD_MATCH = YES;
				"CODE_SIGN_IDENTITY[sdk=iphoneos*]" = "iPhone Developer";
				COPY_PHASE_STRIP = NO;
				DEBUG_INFORMATION_FORMAT = "dwarf-with-dsym";
				ENABLE_NS_ASSERTIONS = NO;
				ENABLE_STRICT_OBJC_MSGSEND = YES;
				GCC_C_LANGUAGE_STANDARD = gnu99;
				GCC_NO_COMMON_BLOCKS = YES;
				GCC_WARN_64_TO_32_BIT_CONVERSION = YES;
				GCC_WARN_ABOUT_RETURN_TYPE = YES_ERROR;
				GCC_WARN_UNDECLARED_SELECTOR = YES;
				GCC_WARN_UNINITIALIZED_AUTOS = YES_AGGRESSIVE;
				GCC_WARN_UNUSED_FUNCTION = YES;
				GCC_WARN_UNUSED_VARIABLE = YES;
				IPHONEOS_DEPLOYMENT_TARGET = 8.4;
				MTL_ENABLE_DEBUG_INFO = NO;
				SDKROOT = iphoneos;
				VALIDATE_PRODUCT = YES;
			};
			name = Release;
		};
		1B447EFB1B8EBC0C00689CDF /* Debug */ = {
			isa = XCBuildConfiguration;
			baseConfigurationReference = 9A95EDFBC61D5909EAD3FB32 /* Pods.debug.xcconfig */;
			buildSettings = {
				ASSETCATALOG_COMPILER_APPICON_NAME = AppIcon;
				ASSETCATALOG_COMPILER_LAUNCHIMAGE_NAME = LaunchImage;
				CODE_SIGN_IDENTITY = "iPhone Developer";
				INFOPLIST_FILE = gps194/Info.plist;
				IPHONEOS_DEPLOYMENT_TARGET = 7.1;
				LD_RUNPATH_SEARCH_PATHS = "$(inherited) @executable_path/Frameworks";
				PRODUCT_NAME = "$(TARGET_NAME)";
			};
			name = Debug;
		};
		1B447EFC1B8EBC0C00689CDF /* Release */ = {
			isa = XCBuildConfiguration;
			baseConfigurationReference = 1FB0D493783D6EE8AA3E28FF /* Pods.release.xcconfig */;
			buildSettings = {
				ASSETCATALOG_COMPILER_APPICON_NAME = AppIcon;
				ASSETCATALOG_COMPILER_LAUNCHIMAGE_NAME = LaunchImage;
				CODE_SIGN_IDENTITY = "iPhone Developer";
				INFOPLIST_FILE = gps194/Info.plist;
				IPHONEOS_DEPLOYMENT_TARGET = 7.1;
				LD_RUNPATH_SEARCH_PATHS = "$(inherited) @executable_path/Frameworks";
				PRODUCT_NAME = "$(TARGET_NAME)";
			};
			name = Release;
		};
		1B447EFE1B8EBC0C00689CDF /* Debug */ = {
			isa = XCBuildConfiguration;
			buildSettings = {
				BUNDLE_LOADER = "$(TEST_HOST)";
				FRAMEWORK_SEARCH_PATHS = (
					"$(SDKROOT)/Developer/Library/Frameworks",
					"$(inherited)",
				);
				GCC_PREPROCESSOR_DEFINITIONS = (
					"DEBUG=1",
					"$(inherited)",
				);
				INFOPLIST_FILE = gps194Tests/Info.plist;
				LD_RUNPATH_SEARCH_PATHS = "$(inherited) @executable_path/Frameworks @loader_path/Frameworks";
				PRODUCT_NAME = "$(TARGET_NAME)";
				TEST_HOST = "$(BUILT_PRODUCTS_DIR)/gps194.app/gps194";
			};
			name = Debug;
		};
		1B447EFF1B8EBC0C00689CDF /* Release */ = {
			isa = XCBuildConfiguration;
			buildSettings = {
				BUNDLE_LOADER = "$(TEST_HOST)";
				FRAMEWORK_SEARCH_PATHS = (
					"$(SDKROOT)/Developer/Library/Frameworks",
					"$(inherited)",
				);
				INFOPLIST_FILE = gps194Tests/Info.plist;
				LD_RUNPATH_SEARCH_PATHS = "$(inherited) @executable_path/Frameworks @loader_path/Frameworks";
				PRODUCT_NAME = "$(TARGET_NAME)";
				TEST_HOST = "$(BUILT_PRODUCTS_DIR)/gps194.app/gps194";
			};
			name = Release;
		};
/* End XCBuildConfiguration section */

/* Begin XCConfigurationList section */
		1B447ECF1B8EBC0C00689CDF /* Build configuration list for PBXProject "gps194" */ = {
			isa = XCConfigurationList;
			buildConfigurations = (
				1B447EF81B8EBC0C00689CDF /* Debug */,
				1B447EF91B8EBC0C00689CDF /* Release */,
			);
			defaultConfigurationIsVisible = 0;
			defaultConfigurationName = Release;
		};
		1B447EFA1B8EBC0C00689CDF /* Build configuration list for PBXNativeTarget "gps194" */ = {
			isa = XCConfigurationList;
			buildConfigurations = (
				1B447EFB1B8EBC0C00689CDF /* Debug */,
				1B447EFC1B8EBC0C00689CDF /* Release */,
			);
			defaultConfigurationIsVisible = 0;
			defaultConfigurationName = Release;
		};
		1B447EFD1B8EBC0C00689CDF /* Build configuration list for PBXNativeTarget "gps194Tests" */ = {
			isa = XCConfigurationList;
			buildConfigurations = (
				1B447EFE1B8EBC0C00689CDF /* Debug */,
				1B447EFF1B8EBC0C00689CDF /* Release */,
			);
			defaultConfigurationIsVisible = 0;
			defaultConfigurationName = Release;
		};
/* End XCConfigurationList section */

/* Begin XCVersionGroup section */
		1B447EDE1B8EBC0C00689CDF /* gps194.xcdatamodeld */ = {
			isa = XCVersionGroup;
			children = (
				1B447EDF1B8EBC0C00689CDF /* gps194.xcdatamodel */,
			);
			currentVersion = 1B447EDF1B8EBC0C00689CDF /* gps194.xcdatamodel */;
			path = gps194.xcdatamodeld;
			sourceTree = "<group>";
			versionGroupType = wrapper.xcdatamodel;
		};
/* End XCVersionGroup section */
	};
	rootObject = 1B447ECC1B8EBC0C00689CDF /* Project object */;
}
